
Microsoft Visual Studio Solution File, Format Version 12.00
# Visual Studio Version 16
VisualStudioVersion = 16.0.31729.503
MinimumVisualStudioVersion = 10.0.40219.1
Project("{888888A0-9F3D-457C-B088-3A5042F75D52}") = "ProjektPY", "ProjektPY.pyproj", "{10160526-58DB-44D2-9689-8D0B6B7CE22A}"
EndProject
Global
	GlobalSection(SolutionConfigurationPlatforms) = preSolution
		Debug|Any CPU = Debug|Any CPU
		Release|Any CPU = Release|Any CPU
	EndGlobalSection
	GlobalSection(ProjectConfigurationPlatforms) = postSolution
		{10160526-58DB-44D2-9689-8D0B6B7CE22A}.Debug|Any CPU.ActiveCfg = Debug|Any CPU
		{10160526-58DB-44D2-9689-8D0B6B7CE22A}.Release|Any CPU.ActiveCfg = Release|Any CPU
	EndGlobalSection
	GlobalSection(SolutionProperties) = preSolution
		HideSolutionNode = FALSE
	EndGlobalSection
	GlobalSection(ExtensibilityGlobals) = postSolution
		SolutionGuid = {05A80C86-B4A7-4D6B-BAE5-486169766833}
	EndGlobalSection
EndGlobal
